
Microsoft Visual Studio Solution File, Format Version 12.00
# Visual Studio Version 16
VisualStudioVersion = 16.0.31205.134
MinimumVisualStudioVersion = 10.0.40219.1
Project("{FAE04EC0-301F-11D3-BF4B-00C04F79EFBC}") = "CSharp.Lesson2.Task4", "CSharp.Lesson2.Task4.csproj", "{279E454A-B18D-4BA3-8A31-FE008C52CA77}"
EndProject
Global
	GlobalSection(SolutionConfigurationPlatforms) = preSolution
		Debug|Any CPU = Debug|Any CPU
		Release|Any CPU = Release|Any CPU
	EndGlobalSection
	GlobalSection(ProjectConfigurationPlatforms) = postSolution
		{279E454A-B18D-4BA3-8A31-FE008C52CA77}.Debug|Any CPU.ActiveCfg = Debug|Any CPU
		{279E454A-B18D-4BA3-8A31-FE008C52CA77}.Debug|Any CPU.Build.0 = Debug|Any CPU
		{279E454A-B18D-4BA3-8A31-FE008C52CA77}.Release|Any CPU.ActiveCfg = Release|Any CPU
		{279E454A-B18D-4BA3-8A31-FE008C52CA77}.Release|Any CPU.Build.0 = Release|Any CPU
	EndGlobalSection
	GlobalSection(SolutionProperties) = preSolution
		HideSolutionNode = FALSE
	EndGlobalSection
	GlobalSection(ExtensibilityGlobals) = postSolution
		SolutionGuid = {4D42ED49-FEC4-47B0-B9FE-615D87B13559}
	EndGlobalSection
EndGlobal
