
Microsoft Visual Studio Solution File, Format Version 12.00
# Visual Studio Version 16
VisualStudioVersion = 16.0.31205.134
MinimumVisualStudioVersion = 10.0.40219.1
Project("{FAE04EC0-301F-11D3-BF4B-00C04F79EFBC}") = "CSharp.Lesson4.Task1", "CSharp.Lesson4.Task1.csproj", "{F7B2B7B5-F3B1-4E6D-BC10-1A788B281A94}"
EndProject
Global
	GlobalSection(SolutionConfigurationPlatforms) = preSolution
		Debug|Any CPU = Debug|Any CPU
		Release|Any CPU = Release|Any CPU
	EndGlobalSection
	GlobalSection(ProjectConfigurationPlatforms) = postSolution
		{F7B2B7B5-F3B1-4E6D-BC10-1A788B281A94}.Debug|Any CPU.ActiveCfg = Debug|Any CPU
		{F7B2B7B5-F3B1-4E6D-BC10-1A788B281A94}.Debug|Any CPU.Build.0 = Debug|Any CPU
		{F7B2B7B5-F3B1-4E6D-BC10-1A788B281A94}.Release|Any CPU.ActiveCfg = Release|Any CPU
		{F7B2B7B5-F3B1-4E6D-BC10-1A788B281A94}.Release|Any CPU.Build.0 = Release|Any CPU
	EndGlobalSection
	GlobalSection(SolutionProperties) = preSolution
		HideSolutionNode = FALSE
	EndGlobalSection
	GlobalSection(ExtensibilityGlobals) = postSolution
		SolutionGuid = {3478C9D7-ADB2-49BE-83DC-55734990BB15}
	EndGlobalSection
EndGlobal
