
Microsoft Visual Studio Solution File, Format Version 12.00
# Visual Studio Version 16
VisualStudioVersion = 16.0.31313.79
MinimumVisualStudioVersion = 10.0.40219.1
Project("{FAE04EC0-301F-11D3-BF4B-00C04F79EFBC}") = "CSharp.Lesson_2_1.Task3", "CSharp.Lesson_2_1.Task3.csproj", "{F6D383C7-6317-49F3-9AA1-23428F7C2DF3}"
EndProject
Global
	GlobalSection(SolutionConfigurationPlatforms) = preSolution
		Debug|Any CPU = Debug|Any CPU
		Release|Any CPU = Release|Any CPU
	EndGlobalSection
	GlobalSection(ProjectConfigurationPlatforms) = postSolution
		{F6D383C7-6317-49F3-9AA1-23428F7C2DF3}.Debug|Any CPU.ActiveCfg = Debug|Any CPU
		{F6D383C7-6317-49F3-9AA1-23428F7C2DF3}.Debug|Any CPU.Build.0 = Debug|Any CPU
		{F6D383C7-6317-49F3-9AA1-23428F7C2DF3}.Release|Any CPU.ActiveCfg = Release|Any CPU
		{F6D383C7-6317-49F3-9AA1-23428F7C2DF3}.Release|Any CPU.Build.0 = Release|Any CPU
	EndGlobalSection
	GlobalSection(SolutionProperties) = preSolution
		HideSolutionNode = FALSE
	EndGlobalSection
	GlobalSection(ExtensibilityGlobals) = postSolution
		SolutionGuid = {3C9135BF-7130-4BFF-8B14-7A51C423A41F}
	EndGlobalSection
EndGlobal
