
Microsoft Visual Studio Solution File, Format Version 12.00
# Visual Studio Version 16
VisualStudioVersion = 16.0.31205.134
MinimumVisualStudioVersion = 10.0.40219.1
Project("{FAE04EC0-301F-11D3-BF4B-00C04F79EFBC}") = "CSharp.Lesson4.Task3", "CSharp.Lesson4.Task3.csproj", "{501B562C-DBB7-43ED-9E15-99B8B8619DFD}"
EndProject
Global
	GlobalSection(SolutionConfigurationPlatforms) = preSolution
		Debug|Any CPU = Debug|Any CPU
		Release|Any CPU = Release|Any CPU
	EndGlobalSection
	GlobalSection(ProjectConfigurationPlatforms) = postSolution
		{501B562C-DBB7-43ED-9E15-99B8B8619DFD}.Debug|Any CPU.ActiveCfg = Debug|Any CPU
		{501B562C-DBB7-43ED-9E15-99B8B8619DFD}.Debug|Any CPU.Build.0 = Debug|Any CPU
		{501B562C-DBB7-43ED-9E15-99B8B8619DFD}.Release|Any CPU.ActiveCfg = Release|Any CPU
		{501B562C-DBB7-43ED-9E15-99B8B8619DFD}.Release|Any CPU.Build.0 = Release|Any CPU
	EndGlobalSection
	GlobalSection(SolutionProperties) = preSolution
		HideSolutionNode = FALSE
	EndGlobalSection
	GlobalSection(ExtensibilityGlobals) = postSolution
		SolutionGuid = {A5E56E34-D8AA-4E9A-92F3-E16F49EEF9C9}
	EndGlobalSection
EndGlobal
