
Microsoft Visual Studio Solution File, Format Version 12.00
# Visual Studio Version 16
VisualStudioVersion = 16.0.31313.79
MinimumVisualStudioVersion = 10.0.40219.1
Project("{FAE04EC0-301F-11D3-BF4B-00C04F79EFBC}") = "CSharp.Lesson_2_1.Task2", "CSharp.Lesson_2_1.Task2.csproj", "{21302747-F581-4CF3-ADA7-FFBA16A579E9}"
EndProject
Global
	GlobalSection(SolutionConfigurationPlatforms) = preSolution
		Debug|Any CPU = Debug|Any CPU
		Release|Any CPU = Release|Any CPU
	EndGlobalSection
	GlobalSection(ProjectConfigurationPlatforms) = postSolution
		{21302747-F581-4CF3-ADA7-FFBA16A579E9}.Debug|Any CPU.ActiveCfg = Debug|Any CPU
		{21302747-F581-4CF3-ADA7-FFBA16A579E9}.Debug|Any CPU.Build.0 = Debug|Any CPU
		{21302747-F581-4CF3-ADA7-FFBA16A579E9}.Release|Any CPU.ActiveCfg = Release|Any CPU
		{21302747-F581-4CF3-ADA7-FFBA16A579E9}.Release|Any CPU.Build.0 = Release|Any CPU
	EndGlobalSection
	GlobalSection(SolutionProperties) = preSolution
		HideSolutionNode = FALSE
	EndGlobalSection
	GlobalSection(ExtensibilityGlobals) = postSolution
		SolutionGuid = {59F2BF68-EC87-489D-BA03-56BBA3BA9B5F}
	EndGlobalSection
EndGlobal
