
Microsoft Visual Studio Solution File, Format Version 12.00
# Visual Studio Version 16
VisualStudioVersion = 16.0.31313.79
MinimumVisualStudioVersion = 10.0.40219.1
Project("{FAE04EC0-301F-11D3-BF4B-00C04F79EFBC}") = "CSharp.Lesson_2_1.Task1", "CSharp.Lesson_2_1.Task1.csproj", "{28710E5F-2F13-428D-88A2-AA776CC2D145}"
EndProject
Global
	GlobalSection(SolutionConfigurationPlatforms) = preSolution
		Debug|Any CPU = Debug|Any CPU
		Release|Any CPU = Release|Any CPU
	EndGlobalSection
	GlobalSection(ProjectConfigurationPlatforms) = postSolution
		{28710E5F-2F13-428D-88A2-AA776CC2D145}.Debug|Any CPU.ActiveCfg = Debug|Any CPU
		{28710E5F-2F13-428D-88A2-AA776CC2D145}.Debug|Any CPU.Build.0 = Debug|Any CPU
		{28710E5F-2F13-428D-88A2-AA776CC2D145}.Release|Any CPU.ActiveCfg = Release|Any CPU
		{28710E5F-2F13-428D-88A2-AA776CC2D145}.Release|Any CPU.Build.0 = Release|Any CPU
	EndGlobalSection
	GlobalSection(SolutionProperties) = preSolution
		HideSolutionNode = FALSE
	EndGlobalSection
	GlobalSection(ExtensibilityGlobals) = postSolution
		SolutionGuid = {589CBBF3-C7D4-44BF-A248-EC98FF2E1A8A}
	EndGlobalSection
EndGlobal
