
Microsoft Visual Studio Solution File, Format Version 12.00
# Visual Studio Version 16
VisualStudioVersion = 16.0.31205.134
MinimumVisualStudioVersion = 10.0.40219.1
Project("{FAE04EC0-301F-11D3-BF4B-00C04F79EFBC}") = "CSharp.Lesson6.Task1", "CSharp.Lesson6.Task1.csproj", "{25DCDC26-2648-4BD0-BD71-0256708214E4}"
EndProject
Global
	GlobalSection(SolutionConfigurationPlatforms) = preSolution
		Debug|Any CPU = Debug|Any CPU
		Release|Any CPU = Release|Any CPU
	EndGlobalSection
	GlobalSection(ProjectConfigurationPlatforms) = postSolution
		{25DCDC26-2648-4BD0-BD71-0256708214E4}.Debug|Any CPU.ActiveCfg = Debug|Any CPU
		{25DCDC26-2648-4BD0-BD71-0256708214E4}.Debug|Any CPU.Build.0 = Debug|Any CPU
		{25DCDC26-2648-4BD0-BD71-0256708214E4}.Release|Any CPU.ActiveCfg = Release|Any CPU
		{25DCDC26-2648-4BD0-BD71-0256708214E4}.Release|Any CPU.Build.0 = Release|Any CPU
	EndGlobalSection
	GlobalSection(SolutionProperties) = preSolution
		HideSolutionNode = FALSE
	EndGlobalSection
	GlobalSection(ExtensibilityGlobals) = postSolution
		SolutionGuid = {5BA701B8-15E4-44CB-B2DE-7C2AF114D7B5}
	EndGlobalSection
EndGlobal
